
Microsoft Visual Studio Solution File, Format Version 12.00
# Visual Studio Version 17
VisualStudioVersion = 17.0.31903.59
MinimumVisualStudioVersion = 10.0.40219.1
Project("{2150E333-8FDC-42A3-9474-1A3956D46DE8}") = "src", "src", "{827E0CD3-B72D-47B6-A68D-7590B98EB39B}"
EndProject
Project("{2150E333-8FDC-42A3-9474-1A3956D46DE8}") = "Domain", "Domain", "{8B290487-4C16-E85E-E807-F579CBE9FC4D}"
EndProject
Project("{FAE04EC0-301F-11D3-BF4B-00C04F79EFBC}") = "Yashdeep.Domain", "src\Domain\Yashdeep.Domain\Yashdeep.Domain.csproj", "{1F5F14F3-467C-4E48-AD8D-002C03210ECC}"
EndProject
Project("{2150E333-8FDC-42A3-9474-1A3956D46DE8}") = "Application", "Application", "{22BAF98C-8415-17C4-B26A-D537657BC863}"
EndProject
Project("{FAE04EC0-301F-11D3-BF4B-00C04F79EFBC}") = "Yashdeep.Application", "src\Application\Yashdeep.Application\Yashdeep.Application.csproj", "{3273912E-49CB-44BB-BE92-68E8BA0D02D6}"
EndProject
Project("{2150E333-8FDC-42A3-9474-1A3956D46DE8}") = "Persistence", "Persistence", "{3BA5312F-4CB7-F189-D5EC-6A9485924027}"
EndProject
Project("{FAE04EC0-301F-11D3-BF4B-00C04F79EFBC}") = "Yashdeep.Persistence.Cloud", "src\Persistence\Yashdeep.Persistence.Cloud\Yashdeep.Persistence.Cloud.csproj", "{9A45688A-75B7-4E0E-9FE2-9092D6216371}"
EndProject
Project("{2150E333-8FDC-42A3-9474-1A3956D46DE8}") = "Infrastructure", "Infrastructure", "{9048EB7F-3875-A59E-E36B-5BD4C6F2A282}"
EndProject
Project("{FAE04EC0-301F-11D3-BF4B-00C04F79EFBC}") = "Yashdeep.Infrastructure", "src\Infrastructure\Yashdeep.Infrastructure\Yashdeep.Infrastructure.csproj", "{04442EBC-1020-4324-A94B-D2F9B4758E9D}"
EndProject
Project("{2150E333-8FDC-42A3-9474-1A3956D46DE8}") = "Server", "Server", "{E6B48023-E680-40DA-9E17-319585C26937}"
EndProject
Project("{FAE04EC0-301F-11D3-BF4B-00C04F79EFBC}") = "Yashdeep.Server.Api", "src\Server\Yashdeep.Server.Api\Yashdeep.Server.Api.csproj", "{B3B60B00-4692-40AC-BD78-235C543EFB54}"
EndProject
Project("{2150E333-8FDC-42A3-9474-1A3956D46DE8}") = "tests", "tests", "{0AB3BF05-4346-4AA6-1389-037BE0695223}"
EndProject
Project("{FAE04EC0-301F-11D3-BF4B-00C04F79EFBC}") = "Yashdeep.Tests.Unit", "tests\Yashdeep.Tests.Unit\Yashdeep.Tests.Unit.csproj", "{9C529D1D-8E3A-4471-9E51-A65F41D470D8}"
EndProject
Project("{FAE04EC0-301F-11D3-BF4B-00C04F79EFBC}") = "Yashdeep.Tests.Integration", "tests\Yashdeep.Tests.Integration\Yashdeep.Tests.Integration.csproj", "{11CF46D5-212E-465B-B5E7-B3DC11EB362F}"
EndProject
Global
	GlobalSection(SolutionConfigurationPlatforms) = preSolution
		Debug|Any CPU = Debug|Any CPU
		Debug|x64 = Debug|x64
		Debug|x86 = Debug|x86
		Release|Any CPU = Release|Any CPU
		Release|x64 = Release|x64
		Release|x86 = Release|x86
	EndGlobalSection
	GlobalSection(ProjectConfigurationPlatforms) = postSolution
		{1F5F14F3-467C-4E48-AD8D-002C03210ECC}.Debug|Any CPU.ActiveCfg = Debug|Any CPU
		{1F5F14F3-467C-4E48-AD8D-002C03210ECC}.Debug|Any CPU.Build.0 = Debug|Any CPU
		{1F5F14F3-467C-4E48-AD8D-002C03210ECC}.Debug|x64.ActiveCfg = Debug|Any CPU
		{1F5F14F3-467C-4E48-AD8D-002C03210ECC}.Debug|x64.Build.0 = Debug|Any CPU
		{1F5F14F3-467C-4E48-AD8D-002C03210ECC}.Debug|x86.ActiveCfg = Debug|Any CPU
		{1F5F14F3-467C-4E48-AD8D-002C03210ECC}.Debug|x86.Build.0 = Debug|Any CPU
		{1F5F14F3-467C-4E48-AD8D-002C03210ECC}.Release|Any CPU.ActiveCfg = Release|Any CPU
		{1F5F14F3-467C-4E48-AD8D-002C03210ECC}.Release|Any CPU.Build.0 = Release|Any CPU
		{1F5F14F3-467C-4E48-AD8D-002C03210ECC}.Release|x64.ActiveCfg = Release|Any CPU
		{1F5F14F3-467C-4E48-AD8D-002C03210ECC}.Release|x64.Build.0 = Release|Any CPU
		{1F5F14F3-467C-4E48-AD8D-002C03210ECC}.Release|x86.ActiveCfg = Release|Any CPU
		{1F5F14F3-467C-4E48-AD8D-002C03210ECC}.Release|x86.Build.0 = Release|Any CPU
		{3273912E-49CB-44BB-BE92-68E8BA0D02D6}.Debug|Any CPU.ActiveCfg = Debug|Any CPU
		{3273912E-49CB-44BB-BE92-68E8BA0D02D6}.Debug|Any CPU.Build.0 = Debug|Any CPU
		{3273912E-49CB-44BB-BE92-68E8BA0D02D6}.Debug|x64.ActiveCfg = Debug|Any CPU
		{3273912E-49CB-44BB-BE92-68E8BA0D02D6}.Debug|x64.Build.0 = Debug|Any CPU
		{3273912E-49CB-44BB-BE92-68E8BA0D02D6}.Debug|x86.ActiveCfg = Debug|Any CPU
		{3273912E-49CB-44BB-BE92-68E8BA0D02D6}.Debug|x86.Build.0 = Debug|Any CPU
		{3273912E-49CB-44BB-BE92-68E8BA0D02D6}.Release|Any CPU.ActiveCfg = Release|Any CPU
		{3273912E-49CB-44BB-BE92-68E8BA0D02D6}.Release|Any CPU.Build.0 = Release|Any CPU
		{3273912E-49CB-44BB-BE92-68E8BA0D02D6}.Release|x64.ActiveCfg = Release|Any CPU
		{3273912E-49CB-44BB-BE92-68E8BA0D02D6}.Release|x64.Build.0 = Release|Any CPU
		{3273912E-49CB-44BB-BE92-68E8BA0D02D6}.Release|x86.ActiveCfg = Release|Any CPU
		{3273912E-49CB-44BB-BE92-68E8BA0D02D6}.Release|x86.Build.0 = Release|Any CPU
		{9A45688A-75B7-4E0E-9FE2-9092D6216371}.Debug|Any CPU.ActiveCfg = Debug|Any CPU
		{9A45688A-75B7-4E0E-9FE2-9092D6216371}.Debug|Any CPU.Build.0 = Debug|Any CPU
		{9A45688A-75B7-4E0E-9FE2-9092D6216371}.Debug|x64.ActiveCfg = Debug|Any CPU
		{9A45688A-75B7-4E0E-9FE2-9092D6216371}.Debug|x64.Build.0 = Debug|Any CPU
		{9A45688A-75B7-4E0E-9FE2-9092D6216371}.Debug|x86.ActiveCfg = Debug|Any CPU
		{9A45688A-75B7-4E0E-9FE2-9092D6216371}.Debug|x86.Build.0 = Debug|Any CPU
		{9A45688A-75B7-4E0E-9FE2-9092D6216371}.Release|Any CPU.ActiveCfg = Release|Any CPU
		{9A45688A-75B7-4E0E-9FE2-9092D6216371}.Release|Any CPU.Build.0 = Release|Any CPU
		{9A45688A-75B7-4E0E-9FE2-9092D6216371}.Release|x64.ActiveCfg = Release|Any CPU
		{9A45688A-75B7-4E0E-9FE2-9092D6216371}.Release|x64.Build.0 = Release|Any CPU
		{9A45688A-75B7-4E0E-9FE2-9092D6216371}.Release|x86.ActiveCfg = Release|Any CPU
		{9A45688A-75B7-4E0E-9FE2-9092D6216371}.Release|x86.Build.0 = Release|Any CPU
		{04442EBC-1020-4324-A94B-D2F9B4758E9D}.Debug|Any CPU.ActiveCfg = Debug|Any CPU
		{04442EBC-1020-4324-A94B-D2F9B4758E9D}.Debug|Any CPU.Build.0 = Debug|Any CPU
		{04442EBC-1020-4324-A94B-D2F9B4758E9D}.Debug|x64.ActiveCfg = Debug|Any CPU
		{04442EBC-1020-4324-A94B-D2F9B4758E9D}.Debug|x64.Build.0 = Debug|Any CPU
		{04442EBC-1020-4324-A94B-D2F9B4758E9D}.Debug|x86.ActiveCfg = Debug|Any CPU
		{04442EBC-1020-4324-A94B-D2F9B4758E9D}.Debug|x86.Build.0 = Debug|Any CPU
		{04442EBC-1020-4324-A94B-D2F9B4758E9D}.Release|Any CPU.ActiveCfg = Release|Any CPU
		{04442EBC-1020-4324-A94B-D2F9B4758E9D}.Release|Any CPU.Build.0 = Release|Any CPU
		{04442EBC-1020-4324-A94B-D2F9B4758E9D}.Release|x64.ActiveCfg = Release|Any CPU
		{04442EBC-1020-4324-A94B-D2F9B4758E9D}.Release|x64.Build.0 = Release|Any CPU
		{04442EBC-1020-4324-A94B-D2F9B4758E9D}.Release|x86.ActiveCfg = Release|Any CPU
		{04442EBC-1020-4324-A94B-D2F9B4758E9D}.Release|x86.Build.0 = Release|Any CPU
		{B3B60B00-4692-40AC-BD78-235C543EFB54}.Debug|Any CPU.ActiveCfg = Debug|Any CPU
		{B3B60B00-4692-40AC-BD78-235C543EFB54}.Debug|Any CPU.Build.0 = Debug|Any CPU
		{B3B60B00-4692-40AC-BD78-235C543EFB54}.Debug|x64.ActiveCfg = Debug|Any CPU
		{B3B60B00-4692-40AC-BD78-235C543EFB54}.Debug|x64.Build.0 = Debug|Any CPU
		{B3B60B00-4692-40AC-BD78-235C543EFB54}.Debug|x86.ActiveCfg = Debug|Any CPU
		{B3B60B00-4692-40AC-BD78-235C543EFB54}.Debug|x86.Build.0 = Debug|Any CPU
		{B3B60B00-4692-40AC-BD78-235C543EFB54}.Release|Any CPU.ActiveCfg = Release|Any CPU
		{B3B60B00-4692-40AC-BD78-235C543EFB54}.Release|Any CPU.Build.0 = Release|Any CPU
		{B3B60B00-4692-40AC-BD78-235C543EFB54}.Release|x64.ActiveCfg = Release|Any CPU
		{B3B60B00-4692-40AC-BD78-235C543EFB54}.Release|x64.Build.0 = Release|Any CPU
		{B3B60B00-4692-40AC-BD78-235C543EFB54}.Release|x86.ActiveCfg = Release|Any CPU
		{B3B60B00-4692-40AC-BD78-235C543EFB54}.Release|x86.Build.0 = Release|Any CPU
		{9C529D1D-8E3A-4471-9E51-A65F41D470D8}.Debug|Any CPU.ActiveCfg = Debug|Any CPU
		{9C529D1D-8E3A-4471-9E51-A65F41D470D8}.Debug|Any CPU.Build.0 = Debug|Any CPU
		{9C529D1D-8E3A-4471-9E51-A65F41D470D8}.Debug|x64.ActiveCfg = Debug|Any CPU
		{9C529D1D-8E3A-4471-9E51-A65F41D470D8}.Debug|x64.Build.0 = Debug|Any CPU
		{9C529D1D-8E3A-4471-9E51-A65F41D470D8}.Debug|x86.ActiveCfg = Debug|Any CPU
		{9C529D1D-8E3A-4471-9E51-A65F41D470D8}.Debug|x86.Build.0 = Debug|Any CPU
		{9C529D1D-8E3A-4471-9E51-A65F41D470D8}.Release|Any CPU.ActiveCfg = Release|Any CPU
		{9C529D1D-8E3A-4471-9E51-A65F41D470D8}.Release|Any CPU.Build.0 = Release|Any CPU
		{9C529D1D-8E3A-4471-9E51-A65F41D470D8}.Release|x64.ActiveCfg = Release|Any CPU
		{9C529D1D-8E3A-4471-9E51-A65F41D470D8}.Release|x64.Build.0 = Release|Any CPU
		{9C529D1D-8E3A-4471-9E51-A65F41D470D8}.Release|x86.ActiveCfg = Release|Any CPU
		{9C529D1D-8E3A-4471-9E51-A65F41D470D8}.Release|x86.Build.0 = Release|Any CPU
		{11CF46D5-212E-465B-B5E7-B3DC11EB362F}.Debug|Any CPU.ActiveCfg = Debug|Any CPU
		{11CF46D5-212E-465B-B5E7-B3DC11EB362F}.Debug|Any CPU.Build.0 = Debug|Any CPU
		{11CF46D5-212E-465B-B5E7-B3DC11EB362F}.Debug|x64.ActiveCfg = Debug|Any CPU
		{11CF46D5-212E-465B-B5E7-B3DC11EB362F}.Debug|x64.Build.0 = Debug|Any CPU
		{11CF46D5-212E-465B-B5E7-B3DC11EB362F}.Debug|x86.ActiveCfg = Debug|Any CPU
		{11CF46D5-212E-465B-B5E7-B3DC11EB362F}.Debug|x86.Build.0 = Debug|Any CPU
		{11CF46D5-212E-465B-B5E7-B3DC11EB362F}.Release|Any CPU.ActiveCfg = Release|Any CPU
		{11CF46D5-212E-465B-B5E7-B3DC11EB362F}.Release|Any CPU.Build.0 = Release|Any CPU
		{11CF46D5-212E-465B-B5E7-B3DC11EB362F}.Release|x64.ActiveCfg = Release|Any CPU
		{11CF46D5-212E-465B-B5E7-B3DC11EB362F}.Release|x64.Build.0 = Release|Any CPU
		{11CF46D5-212E-465B-B5E7-B3DC11EB362F}.Release|x86.ActiveCfg = Release|Any CPU
		{11CF46D5-212E-465B-B5E7-B3DC11EB362F}.Release|x86.Build.0 = Release|Any CPU
	EndGlobalSection
	GlobalSection(SolutionProperties) = preSolution
		HideSolutionNode = FALSE
	EndGlobalSection
	GlobalSection(NestedProjects) = preSolution
		{8B290487-4C16-E85E-E807-F579CBE9FC4D} = {827E0CD3-B72D-47B6-A68D-7590B98EB39B}
		{1F5F14F3-467C-4E48-AD8D-002C03210ECC} = {8B290487-4C16-E85E-E807-F579CBE9FC4D}
		{22BAF98C-8415-17C4-B26A-D537657BC863} = {827E0CD3-B72D-47B6-A68D-7590B98EB39B}
		{3273912E-49CB-44BB-BE92-68E8BA0D02D6} = {22BAF98C-8415-17C4-B26A-D537657BC863}
		{3BA5312F-4CB7-F189-D5EC-6A9485924027} = {827E0CD3-B72D-47B6-A68D-7590B98EB39B}
		{9A45688A-75B7-4E0E-9FE2-9092D6216371} = {3BA5312F-4CB7-F189-D5EC-6A9485924027}
		{9048EB7F-3875-A59E-E36B-5BD4C6F2A282} = {827E0CD3-B72D-47B6-A68D-7590B98EB39B}
		{04442EBC-1020-4324-A94B-D2F9B4758E9D} = {9048EB7F-3875-A59E-E36B-5BD4C6F2A282}
		{E6B48023-E680-40DA-9E17-319585C26937} = {827E0CD3-B72D-47B6-A68D-7590B98EB39B}
		{B3B60B00-4692-40AC-BD78-235C543EFB54} = {E6B48023-E680-40DA-9E17-319585C26937}
		{9C529D1D-8E3A-4471-9E51-A65F41D470D8} = {0AB3BF05-4346-4AA6-1389-037BE0695223}
		{11CF46D5-212E-465B-B5E7-B3DC11EB362F} = {0AB3BF05-4346-4AA6-1389-037BE0695223}
	EndGlobalSection
EndGlobal
