
Microsoft Visual Studio Solution File, Format Version 12.00
# Visual Studio Version 17
VisualStudioVersion = 17.0.31903.59
MinimumVisualStudioVersion = 10.0.40219.1
Project("{2150E333-8FDC-42A3-9474-1A3956D46DE8}") = "src", "src", "{827E0CD3-B72D-47B6-A68D-7590B98EB39B}"
EndProject
Project("{2150E333-8FDC-42A3-9474-1A3956D46DE8}") = "Shared", "Shared", "{C8E42992-5E42-0C2B-DBFE-AA848D06431C}"
EndProject
Project("{FAE04EC0-301F-11D3-BF4B-00C04F79EFBC}") = "Yashdeep.Shared", "src\Shared\Yashdeep.Shared\Yashdeep.Shared.csproj", "{5538C4ED-BC21-4714-ADA6-E7BE4D04E62C}"
EndProject
Project("{2150E333-8FDC-42A3-9474-1A3956D46DE8}") = "Domain", "Domain", "{8B290487-4C16-E85E-E807-F579CBE9FC4D}"
EndProject
Project("{FAE04EC0-301F-11D3-BF4B-00C04F79EFBC}") = "Yashdeep.Domain", "src\Domain\Yashdeep.Domain\Yashdeep.Domain.csproj", "{113A0EDF-D595-40CB-9CC5-4AE55BBCC443}"
EndProject
Project("{2150E333-8FDC-42A3-9474-1A3956D46DE8}") = "Application", "Application", "{22BAF98C-8415-17C4-B26A-D537657BC863}"
EndProject
Project("{FAE04EC0-301F-11D3-BF4B-00C04F79EFBC}") = "Yashdeep.Application", "src\Application\Yashdeep.Application\Yashdeep.Application.csproj", "{EDC88628-9423-4008-A58D-6E857539B1AD}"
EndProject
Project("{2150E333-8FDC-42A3-9474-1A3956D46DE8}") = "Infrastructure", "Infrastructure", "{9048EB7F-3875-A59E-E36B-5BD4C6F2A282}"
EndProject
Project("{FAE04EC0-301F-11D3-BF4B-00C04F79EFBC}") = "Yashdeep.Infrastructure", "src\Infrastructure\Yashdeep.Infrastructure\Yashdeep.Infrastructure.csproj", "{0AC6A161-7E8E-4BBA-B693-B1B36BCFA8A3}"
EndProject
Project("{2150E333-8FDC-42A3-9474-1A3956D46DE8}") = "Server", "Server", "{E6B48023-E680-40DA-9E17-319585C26937}"
EndProject
Project("{FAE04EC0-301F-11D3-BF4B-00C04F79EFBC}") = "Yashdeep.Server.Api", "src\Server\Yashdeep.Server.Api\Yashdeep.Server.Api.csproj", "{9AC7F34B-175F-46DD-99ED-8A3782F34749}"
EndProject
Project("{2150E333-8FDC-42A3-9474-1A3956D46DE8}") = "tests", "tests", "{0AB3BF05-4346-4AA6-1389-037BE0695223}"
EndProject
Project("{FAE04EC0-301F-11D3-BF4B-00C04F79EFBC}") = "Yashdeep.Tests.DeviceRegistration", "tests\Yashdeep.Tests.DeviceRegistration\Yashdeep.Tests.DeviceRegistration.csproj", "{1AD9E82C-8118-4745-939B-1C1ACCEC40D4}"
EndProject
Project("{FAE04EC0-301F-11D3-BF4B-00C04F79EFBC}") = "Yashdeep.Shared.Tests", "tests\Yashdeep.Shared.Tests\Yashdeep.Shared.Tests.csproj", "{B1C40B5C-2D78-4A98-BF37-1A19A83254FC}"
EndProject
Project("{2150E333-8FDC-42A3-9474-1A3956D46DE8}") = "Client", "Client", "{C5A3B5EA-BE9F-76E5-E9B8-8A22B289B295}"
EndProject
Project("{FAE04EC0-301F-11D3-BF4B-00C04F79EFBC}") = "Yashdeep.Client.Blazor", "src\Client\Yashdeep.Client.Blazor\Yashdeep.Client.Blazor.csproj", "{353D1D54-4A5E-4E7A-A76D-5A20F52612DE}"
EndProject
Project("{FAE04EC0-301F-11D3-BF4B-00C04F79EFBC}") = "Yashdeep.Client.Maui", "src\Client\Yashdeep.Client.Maui\Yashdeep.Client.Maui.csproj", "{66C0E2FB-E3A1-45F4-B792-1438CD8B4836}"
EndProject
Project("{2150E333-8FDC-42A3-9474-1A3956D46DE8}") = "Persistence", "Persistence", "{3BA5312F-4CB7-F189-D5EC-6A9485924027}"
EndProject
Project("{FAE04EC0-301F-11D3-BF4B-00C04F79EFBC}") = "Yashdeep.Persistence.Local", "src\Persistence\Yashdeep.Persistence.Local\Yashdeep.Persistence.Local.csproj", "{73135E97-6508-4A96-96BE-D873D035B356}"
EndProject
Project("{2150E333-8FDC-42A3-9474-1A3956D46DE8}") = "SyncEngine", "SyncEngine", "{A94A278E-689F-D261-26C9-1170140D5B18}"
EndProject
Project("{FAE04EC0-301F-11D3-BF4B-00C04F79EFBC}") = "Yashdeep.SyncEngine", "src\SyncEngine\Yashdeep.SyncEngine\Yashdeep.SyncEngine.csproj", "{37EF65AE-2DD3-4DE8-A1C4-647775A125E0}"
EndProject
Project("{FAE04EC0-301F-11D3-BF4B-00C04F79EFBC}") = "Yashdeep.Persistence.Cloud", "src\Persistence\Yashdeep.Persistence.Cloud\Yashdeep.Persistence.Cloud.csproj", "{122F4638-9270-4CA2-93D1-35E53924C4D5}"
EndProject
Project("{FAE04EC0-301F-11D3-BF4B-00C04F79EFBC}") = "Yashdeep.Tests", "tests\Yashdeep.Tests\Yashdeep.Tests.csproj", "{3A32EA3D-42FE-4B75-A79C-F0ED504DAD23}"
EndProject
Project("{FAE04EC0-301F-11D3-BF4B-00C04F79EFBC}") = "Yashdeep.Persistence.Local.Tests", "tests\Yashdeep.Persistence.Local.Tests\Yashdeep.Persistence.Local.Tests.csproj", "{80FABB0C-05E2-4FDB-8DCB-071D92F21CBC}"
EndProject
Project("{FAE04EC0-301F-11D3-BF4B-00C04F79EFBC}") = "Yashdeep.Tests.Unit", "tests\Yashdeep.Tests.Unit\Yashdeep.Tests.Unit.csproj", "{39E43F5D-59E1-488B-A6CB-CCFD0E132875}"
EndProject
Project("{FAE04EC0-301F-11D3-BF4B-00C04F79EFBC}") = "Yashdeep.SyncEngine.Tests", "tests\Yashdeep.SyncEngine.Tests\Yashdeep.SyncEngine.Tests.csproj", "{75BB368C-B777-4E2A-8323-618BFB08CC04}"
EndProject
Project("{FAE04EC0-301F-11D3-BF4B-00C04F79EFBC}") = "Yashdeep.Connectivity.Tests", "tests\Yashdeep.Connectivity.Tests\Yashdeep.Connectivity.Tests.csproj", "{173C30DA-BC8E-439E-9B98-CC55288D5A7C}"
EndProject
Project("{FAE04EC0-301F-11D3-BF4B-00C04F79EFBC}") = "Yashdeep.Outbox.Tests", "tests\Yashdeep.Outbox.Tests\Yashdeep.Outbox.Tests.csproj", "{CA2E4B69-462B-406D-84A4-20966C8AB7CA}"
EndProject
Global
	GlobalSection(SolutionConfigurationPlatforms) = preSolution
		Debug|Any CPU = Debug|Any CPU
		Debug|x64 = Debug|x64
		Debug|x86 = Debug|x86
		Release|Any CPU = Release|Any CPU
		Release|x64 = Release|x64
		Release|x86 = Release|x86
	EndGlobalSection
	GlobalSection(ProjectConfigurationPlatforms) = postSolution
		{5538C4ED-BC21-4714-ADA6-E7BE4D04E62C}.Debug|Any CPU.ActiveCfg = Debug|Any CPU
		{5538C4ED-BC21-4714-ADA6-E7BE4D04E62C}.Debug|Any CPU.Build.0 = Debug|Any CPU
		{5538C4ED-BC21-4714-ADA6-E7BE4D04E62C}.Debug|x64.ActiveCfg = Debug|Any CPU
		{5538C4ED-BC21-4714-ADA6-E7BE4D04E62C}.Debug|x64.Build.0 = Debug|Any CPU
		{5538C4ED-BC21-4714-ADA6-E7BE4D04E62C}.Debug|x86.ActiveCfg = Debug|Any CPU
		{5538C4ED-BC21-4714-ADA6-E7BE4D04E62C}.Debug|x86.Build.0 = Debug|Any CPU
		{5538C4ED-BC21-4714-ADA6-E7BE4D04E62C}.Release|Any CPU.ActiveCfg = Release|Any CPU
		{5538C4ED-BC21-4714-ADA6-E7BE4D04E62C}.Release|Any CPU.Build.0 = Release|Any CPU
		{5538C4ED-BC21-4714-ADA6-E7BE4D04E62C}.Release|x64.ActiveCfg = Release|Any CPU
		{5538C4ED-BC21-4714-ADA6-E7BE4D04E62C}.Release|x64.Build.0 = Release|Any CPU
		{5538C4ED-BC21-4714-ADA6-E7BE4D04E62C}.Release|x86.ActiveCfg = Release|Any CPU
		{5538C4ED-BC21-4714-ADA6-E7BE4D04E62C}.Release|x86.Build.0 = Release|Any CPU
		{113A0EDF-D595-40CB-9CC5-4AE55BBCC443}.Debug|Any CPU.ActiveCfg = Debug|Any CPU
		{113A0EDF-D595-40CB-9CC5-4AE55BBCC443}.Debug|Any CPU.Build.0 = Debug|Any CPU
		{113A0EDF-D595-40CB-9CC5-4AE55BBCC443}.Debug|x64.ActiveCfg = Debug|Any CPU
		{113A0EDF-D595-40CB-9CC5-4AE55BBCC443}.Debug|x64.Build.0 = Debug|Any CPU
		{113A0EDF-D595-40CB-9CC5-4AE55BBCC443}.Debug|x86.ActiveCfg = Debug|Any CPU
		{113A0EDF-D595-40CB-9CC5-4AE55BBCC443}.Debug|x86.Build.0 = Debug|Any CPU
		{113A0EDF-D595-40CB-9CC5-4AE55BBCC443}.Release|Any CPU.ActiveCfg = Release|Any CPU
		{113A0EDF-D595-40CB-9CC5-4AE55BBCC443}.Release|Any CPU.Build.0 = Release|Any CPU
		{113A0EDF-D595-40CB-9CC5-4AE55BBCC443}.Release|x64.ActiveCfg = Release|Any CPU
		{113A0EDF-D595-40CB-9CC5-4AE55BBCC443}.Release|x64.Build.0 = Release|Any CPU
		{113A0EDF-D595-40CB-9CC5-4AE55BBCC443}.Release|x86.ActiveCfg = Release|Any CPU
		{113A0EDF-D595-40CB-9CC5-4AE55BBCC443}.Release|x86.Build.0 = Release|Any CPU
		{EDC88628-9423-4008-A58D-6E857539B1AD}.Debug|Any CPU.ActiveCfg = Debug|Any CPU
		{EDC88628-9423-4008-A58D-6E857539B1AD}.Debug|Any CPU.Build.0 = Debug|Any CPU
		{EDC88628-9423-4008-A58D-6E857539B1AD}.Debug|x64.ActiveCfg = Debug|Any CPU
		{EDC88628-9423-4008-A58D-6E857539B1AD}.Debug|x64.Build.0 = Debug|Any CPU
		{EDC88628-9423-4008-A58D-6E857539B1AD}.Debug|x86.ActiveCfg = Debug|Any CPU
		{EDC88628-9423-4008-A58D-6E857539B1AD}.Debug|x86.Build.0 = Debug|Any CPU
		{EDC88628-9423-4008-A58D-6E857539B1AD}.Release|Any CPU.ActiveCfg = Release|Any CPU
		{EDC88628-9423-4008-A58D-6E857539B1AD}.Release|Any CPU.Build.0 = Release|Any CPU
		{EDC88628-9423-4008-A58D-6E857539B1AD}.Release|x64.ActiveCfg = Release|Any CPU
		{EDC88628-9423-4008-A58D-6E857539B1AD}.Release|x64.Build.0 = Release|Any CPU
		{EDC88628-9423-4008-A58D-6E857539B1AD}.Release|x86.ActiveCfg = Release|Any CPU
		{EDC88628-9423-4008-A58D-6E857539B1AD}.Release|x86.Build.0 = Release|Any CPU
		{0AC6A161-7E8E-4BBA-B693-B1B36BCFA8A3}.Debug|Any CPU.ActiveCfg = Debug|Any CPU
		{0AC6A161-7E8E-4BBA-B693-B1B36BCFA8A3}.Debug|Any CPU.Build.0 = Debug|Any CPU
		{0AC6A161-7E8E-4BBA-B693-B1B36BCFA8A3}.Debug|x64.ActiveCfg = Debug|Any CPU
		{0AC6A161-7E8E-4BBA-B693-B1B36BCFA8A3}.Debug|x64.Build.0 = Debug|Any CPU
		{0AC6A161-7E8E-4BBA-B693-B1B36BCFA8A3}.Debug|x86.ActiveCfg = Debug|Any CPU
		{0AC6A161-7E8E-4BBA-B693-B1B36BCFA8A3}.Debug|x86.Build.0 = Debug|Any CPU
		{0AC6A161-7E8E-4BBA-B693-B1B36BCFA8A3}.Release|Any CPU.ActiveCfg = Release|Any CPU
		{0AC6A161-7E8E-4BBA-B693-B1B36BCFA8A3}.Release|Any CPU.Build.0 = Release|Any CPU
		{0AC6A161-7E8E-4BBA-B693-B1B36BCFA8A3}.Release|x64.ActiveCfg = Release|Any CPU
		{0AC6A161-7E8E-4BBA-B693-B1B36BCFA8A3}.Release|x64.Build.0 = Release|Any CPU
		{0AC6A161-7E8E-4BBA-B693-B1B36BCFA8A3}.Release|x86.ActiveCfg = Release|Any CPU
		{0AC6A161-7E8E-4BBA-B693-B1B36BCFA8A3}.Release|x86.Build.0 = Release|Any CPU
		{9AC7F34B-175F-46DD-99ED-8A3782F34749}.Debug|Any CPU.ActiveCfg = Debug|Any CPU
		{9AC7F34B-175F-46DD-99ED-8A3782F34749}.Debug|Any CPU.Build.0 = Debug|Any CPU
		{9AC7F34B-175F-46DD-99ED-8A3782F34749}.Debug|x64.ActiveCfg = Debug|Any CPU
		{9AC7F34B-175F-46DD-99ED-8A3782F34749}.Debug|x64.Build.0 = Debug|Any CPU
		{9AC7F34B-175F-46DD-99ED-8A3782F34749}.Debug|x86.ActiveCfg = Debug|Any CPU
		{9AC7F34B-175F-46DD-99ED-8A3782F34749}.Debug|x86.Build.0 = Debug|Any CPU
		{9AC7F34B-175F-46DD-99ED-8A3782F34749}.Release|Any CPU.ActiveCfg = Release|Any CPU
		{9AC7F34B-175F-46DD-99ED-8A3782F34749}.Release|Any CPU.Build.0 = Release|Any CPU
		{9AC7F34B-175F-46DD-99ED-8A3782F34749}.Release|x64.ActiveCfg = Release|Any CPU
		{9AC7F34B-175F-46DD-99ED-8A3782F34749}.Release|x64.Build.0 = Release|Any CPU
		{9AC7F34B-175F-46DD-99ED-8A3782F34749}.Release|x86.ActiveCfg = Release|Any CPU
		{9AC7F34B-175F-46DD-99ED-8A3782F34749}.Release|x86.Build.0 = Release|Any CPU
		{1AD9E82C-8118-4745-939B-1C1ACCEC40D4}.Debug|Any CPU.ActiveCfg = Debug|Any CPU
		{1AD9E82C-8118-4745-939B-1C1ACCEC40D4}.Debug|Any CPU.Build.0 = Debug|Any CPU
		{1AD9E82C-8118-4745-939B-1C1ACCEC40D4}.Debug|x64.ActiveCfg = Debug|Any CPU
		{1AD9E82C-8118-4745-939B-1C1ACCEC40D4}.Debug|x64.Build.0 = Debug|Any CPU
		{1AD9E82C-8118-4745-939B-1C1ACCEC40D4}.Debug|x86.ActiveCfg = Debug|Any CPU
		{1AD9E82C-8118-4745-939B-1C1ACCEC40D4}.Debug|x86.Build.0 = Debug|Any CPU
		{1AD9E82C-8118-4745-939B-1C1ACCEC40D4}.Release|Any CPU.ActiveCfg = Release|Any CPU
		{1AD9E82C-8118-4745-939B-1C1ACCEC40D4}.Release|Any CPU.Build.0 = Release|Any CPU
		{1AD9E82C-8118-4745-939B-1C1ACCEC40D4}.Release|x64.ActiveCfg = Release|Any CPU
		{1AD9E82C-8118-4745-939B-1C1ACCEC40D4}.Release|x64.Build.0 = Release|Any CPU
		{1AD9E82C-8118-4745-939B-1C1ACCEC40D4}.Release|x86.ActiveCfg = Release|Any CPU
		{1AD9E82C-8118-4745-939B-1C1ACCEC40D4}.Release|x86.Build.0 = Release|Any CPU
		{B1C40B5C-2D78-4A98-BF37-1A19A83254FC}.Debug|Any CPU.ActiveCfg = Debug|Any CPU
		{B1C40B5C-2D78-4A98-BF37-1A19A83254FC}.Debug|Any CPU.Build.0 = Debug|Any CPU
		{B1C40B5C-2D78-4A98-BF37-1A19A83254FC}.Debug|x64.ActiveCfg = Debug|Any CPU
		{B1C40B5C-2D78-4A98-BF37-1A19A83254FC}.Debug|x64.Build.0 = Debug|Any CPU
		{B1C40B5C-2D78-4A98-BF37-1A19A83254FC}.Debug|x86.ActiveCfg = Debug|Any CPU
		{B1C40B5C-2D78-4A98-BF37-1A19A83254FC}.Debug|x86.Build.0 = Debug|Any CPU
		{B1C40B5C-2D78-4A98-BF37-1A19A83254FC}.Release|Any CPU.ActiveCfg = Release|Any CPU
		{B1C40B5C-2D78-4A98-BF37-1A19A83254FC}.Release|Any CPU.Build.0 = Release|Any CPU
		{B1C40B5C-2D78-4A98-BF37-1A19A83254FC}.Release|x64.ActiveCfg = Release|Any CPU
		{B1C40B5C-2D78-4A98-BF37-1A19A83254FC}.Release|x64.Build.0 = Release|Any CPU
		{B1C40B5C-2D78-4A98-BF37-1A19A83254FC}.Release|x86.ActiveCfg = Release|Any CPU
		{B1C40B5C-2D78-4A98-BF37-1A19A83254FC}.Release|x86.Build.0 = Release|Any CPU
		{353D1D54-4A5E-4E7A-A76D-5A20F52612DE}.Debug|Any CPU.ActiveCfg = Debug|Any CPU
		{353D1D54-4A5E-4E7A-A76D-5A20F52612DE}.Debug|Any CPU.Build.0 = Debug|Any CPU
		{353D1D54-4A5E-4E7A-A76D-5A20F52612DE}.Debug|x64.ActiveCfg = Debug|Any CPU
		{353D1D54-4A5E-4E7A-A76D-5A20F52612DE}.Debug|x64.Build.0 = Debug|Any CPU
		{353D1D54-4A5E-4E7A-A76D-5A20F52612DE}.Debug|x86.ActiveCfg = Debug|Any CPU
		{353D1D54-4A5E-4E7A-A76D-5A20F52612DE}.Debug|x86.Build.0 = Debug|Any CPU
		{353D1D54-4A5E-4E7A-A76D-5A20F52612DE}.Release|Any CPU.ActiveCfg = Release|Any CPU
		{353D1D54-4A5E-4E7A-A76D-5A20F52612DE}.Release|Any CPU.Build.0 = Release|Any CPU
		{353D1D54-4A5E-4E7A-A76D-5A20F52612DE}.Release|x64.ActiveCfg = Release|Any CPU
		{353D1D54-4A5E-4E7A-A76D-5A20F52612DE}.Release|x64.Build.0 = Release|Any CPU
		{353D1D54-4A5E-4E7A-A76D-5A20F52612DE}.Release|x86.ActiveCfg = Release|Any CPU
		{353D1D54-4A5E-4E7A-A76D-5A20F52612DE}.Release|x86.Build.0 = Release|Any CPU
		{66C0E2FB-E3A1-45F4-B792-1438CD8B4836}.Debug|Any CPU.ActiveCfg = Debug|Any CPU
		{66C0E2FB-E3A1-45F4-B792-1438CD8B4836}.Debug|Any CPU.Build.0 = Debug|Any CPU
		{66C0E2FB-E3A1-45F4-B792-1438CD8B4836}.Debug|x64.ActiveCfg = Debug|Any CPU
		{66C0E2FB-E3A1-45F4-B792-1438CD8B4836}.Debug|x64.Build.0 = Debug|Any CPU
		{66C0E2FB-E3A1-45F4-B792-1438CD8B4836}.Debug|x86.ActiveCfg = Debug|Any CPU
		{66C0E2FB-E3A1-45F4-B792-1438CD8B4836}.Debug|x86.Build.0 = Debug|Any CPU
		{66C0E2FB-E3A1-45F4-B792-1438CD8B4836}.Release|Any CPU.ActiveCfg = Release|Any CPU
		{66C0E2FB-E3A1-45F4-B792-1438CD8B4836}.Release|Any CPU.Build.0 = Release|Any CPU
		{66C0E2FB-E3A1-45F4-B792-1438CD8B4836}.Release|x64.ActiveCfg = Release|Any CPU
		{66C0E2FB-E3A1-45F4-B792-1438CD8B4836}.Release|x64.Build.0 = Release|Any CPU
		{66C0E2FB-E3A1-45F4-B792-1438CD8B4836}.Release|x86.ActiveCfg = Release|Any CPU
		{66C0E2FB-E3A1-45F4-B792-1438CD8B4836}.Release|x86.Build.0 = Release|Any CPU
		{73135E97-6508-4A96-96BE-D873D035B356}.Debug|Any CPU.ActiveCfg = Debug|Any CPU
		{73135E97-6508-4A96-96BE-D873D035B356}.Debug|Any CPU.Build.0 = Debug|Any CPU
		{73135E97-6508-4A96-96BE-D873D035B356}.Debug|x64.ActiveCfg = Debug|Any CPU
		{73135E97-6508-4A96-96BE-D873D035B356}.Debug|x64.Build.0 = Debug|Any CPU
		{73135E97-6508-4A96-96BE-D873D035B356}.Debug|x86.ActiveCfg = Debug|Any CPU
		{73135E97-6508-4A96-96BE-D873D035B356}.Debug|x86.Build.0 = Debug|Any CPU
		{73135E97-6508-4A96-96BE-D873D035B356}.Release|Any CPU.ActiveCfg = Release|Any CPU
		{73135E97-6508-4A96-96BE-D873D035B356}.Release|Any CPU.Build.0 = Release|Any CPU
		{73135E97-6508-4A96-96BE-D873D035B356}.Release|x64.ActiveCfg = Release|Any CPU
		{73135E97-6508-4A96-96BE-D873D035B356}.Release|x64.Build.0 = Release|Any CPU
		{73135E97-6508-4A96-96BE-D873D035B356}.Release|x86.ActiveCfg = Release|Any CPU
		{73135E97-6508-4A96-96BE-D873D035B356}.Release|x86.Build.0 = Release|Any CPU
		{37EF65AE-2DD3-4DE8-A1C4-647775A125E0}.Debug|Any CPU.ActiveCfg = Debug|Any CPU
		{37EF65AE-2DD3-4DE8-A1C4-647775A125E0}.Debug|Any CPU.Build.0 = Debug|Any CPU
		{37EF65AE-2DD3-4DE8-A1C4-647775A125E0}.Debug|x64.ActiveCfg = Debug|Any CPU
		{37EF65AE-2DD3-4DE8-A1C4-647775A125E0}.Debug|x64.Build.0 = Debug|Any CPU
		{37EF65AE-2DD3-4DE8-A1C4-647775A125E0}.Debug|x86.ActiveCfg = Debug|Any CPU
		{37EF65AE-2DD3-4DE8-A1C4-647775A125E0}.Debug|x86.Build.0 = Debug|Any CPU
		{37EF65AE-2DD3-4DE8-A1C4-647775A125E0}.Release|Any CPU.ActiveCfg = Release|Any CPU
		{37EF65AE-2DD3-4DE8-A1C4-647775A125E0}.Release|Any CPU.Build.0 = Release|Any CPU
		{37EF65AE-2DD3-4DE8-A1C4-647775A125E0}.Release|x64.ActiveCfg = Release|Any CPU
		{37EF65AE-2DD3-4DE8-A1C4-647775A125E0}.Release|x64.Build.0 = Release|Any CPU
		{37EF65AE-2DD3-4DE8-A1C4-647775A125E0}.Release|x86.ActiveCfg = Release|Any CPU
		{37EF65AE-2DD3-4DE8-A1C4-647775A125E0}.Release|x86.Build.0 = Release|Any CPU
		{122F4638-9270-4CA2-93D1-35E53924C4D5}.Debug|Any CPU.ActiveCfg = Debug|Any CPU
		{122F4638-9270-4CA2-93D1-35E53924C4D5}.Debug|Any CPU.Build.0 = Debug|Any CPU
		{122F4638-9270-4CA2-93D1-35E53924C4D5}.Debug|x64.ActiveCfg = Debug|Any CPU
		{122F4638-9270-4CA2-93D1-35E53924C4D5}.Debug|x64.Build.0 = Debug|Any CPU
		{122F4638-9270-4CA2-93D1-35E53924C4D5}.Debug|x86.ActiveCfg = Debug|Any CPU
		{122F4638-9270-4CA2-93D1-35E53924C4D5}.Debug|x86.Build.0 = Debug|Any CPU
		{122F4638-9270-4CA2-93D1-35E53924C4D5}.Release|Any CPU.ActiveCfg = Release|Any CPU
		{122F4638-9270-4CA2-93D1-35E53924C4D5}.Release|Any CPU.Build.0 = Release|Any CPU
		{122F4638-9270-4CA2-93D1-35E53924C4D5}.Release|x64.ActiveCfg = Release|Any CPU
		{122F4638-9270-4CA2-93D1-35E53924C4D5}.Release|x64.Build.0 = Release|Any CPU
		{122F4638-9270-4CA2-93D1-35E53924C4D5}.Release|x86.ActiveCfg = Release|Any CPU
		{122F4638-9270-4CA2-93D1-35E53924C4D5}.Release|x86.Build.0 = Release|Any CPU
		{3A32EA3D-42FE-4B75-A79C-F0ED504DAD23}.Debug|Any CPU.ActiveCfg = Debug|Any CPU
		{3A32EA3D-42FE-4B75-A79C-F0ED504DAD23}.Debug|Any CPU.Build.0 = Debug|Any CPU
		{3A32EA3D-42FE-4B75-A79C-F0ED504DAD23}.Debug|x64.ActiveCfg = Debug|Any CPU
		{3A32EA3D-42FE-4B75-A79C-F0ED504DAD23}.Debug|x64.Build.0 = Debug|Any CPU
		{3A32EA3D-42FE-4B75-A79C-F0ED504DAD23}.Debug|x86.ActiveCfg = Debug|Any CPU
		{3A32EA3D-42FE-4B75-A79C-F0ED504DAD23}.Debug|x86.Build.0 = Debug|Any CPU
		{3A32EA3D-42FE-4B75-A79C-F0ED504DAD23}.Release|Any CPU.ActiveCfg = Release|Any CPU
		{3A32EA3D-42FE-4B75-A79C-F0ED504DAD23}.Release|Any CPU.Build.0 = Release|Any CPU
		{3A32EA3D-42FE-4B75-A79C-F0ED504DAD23}.Release|x64.ActiveCfg = Release|Any CPU
		{3A32EA3D-42FE-4B75-A79C-F0ED504DAD23}.Release|x64.Build.0 = Release|Any CPU
		{3A32EA3D-42FE-4B75-A79C-F0ED504DAD23}.Release|x86.ActiveCfg = Release|Any CPU
		{3A32EA3D-42FE-4B75-A79C-F0ED504DAD23}.Release|x86.Build.0 = Release|Any CPU
		{80FABB0C-05E2-4FDB-8DCB-071D92F21CBC}.Debug|Any CPU.ActiveCfg = Debug|Any CPU
		{80FABB0C-05E2-4FDB-8DCB-071D92F21CBC}.Debug|Any CPU.Build.0 = Debug|Any CPU
		{80FABB0C-05E2-4FDB-8DCB-071D92F21CBC}.Debug|x64.ActiveCfg = Debug|Any CPU
		{80FABB0C-05E2-4FDB-8DCB-071D92F21CBC}.Debug|x64.Build.0 = Debug|Any CPU
		{80FABB0C-05E2-4FDB-8DCB-071D92F21CBC}.Debug|x86.ActiveCfg = Debug|Any CPU
		{80FABB0C-05E2-4FDB-8DCB-071D92F21CBC}.Debug|x86.Build.0 = Debug|Any CPU
		{80FABB0C-05E2-4FDB-8DCB-071D92F21CBC}.Release|Any CPU.ActiveCfg = Release|Any CPU
		{80FABB0C-05E2-4FDB-8DCB-071D92F21CBC}.Release|Any CPU.Build.0 = Release|Any CPU
		{80FABB0C-05E2-4FDB-8DCB-071D92F21CBC}.Release|x64.ActiveCfg = Release|Any CPU
		{80FABB0C-05E2-4FDB-8DCB-071D92F21CBC}.Release|x64.Build.0 = Release|Any CPU
		{80FABB0C-05E2-4FDB-8DCB-071D92F21CBC}.Release|x86.ActiveCfg = Release|Any CPU
		{80FABB0C-05E2-4FDB-8DCB-071D92F21CBC}.Release|x86.Build.0 = Release|Any CPU
		{39E43F5D-59E1-488B-A6CB-CCFD0E132875}.Debug|Any CPU.ActiveCfg = Debug|Any CPU
		{39E43F5D-59E1-488B-A6CB-CCFD0E132875}.Debug|Any CPU.Build.0 = Debug|Any CPU
		{39E43F5D-59E1-488B-A6CB-CCFD0E132875}.Debug|x64.ActiveCfg = Debug|Any CPU
		{39E43F5D-59E1-488B-A6CB-CCFD0E132875}.Debug|x64.Build.0 = Debug|Any CPU
		{39E43F5D-59E1-488B-A6CB-CCFD0E132875}.Debug|x86.ActiveCfg = Debug|Any CPU
		{39E43F5D-59E1-488B-A6CB-CCFD0E132875}.Debug|x86.Build.0 = Debug|Any CPU
		{39E43F5D-59E1-488B-A6CB-CCFD0E132875}.Release|Any CPU.ActiveCfg = Release|Any CPU
		{39E43F5D-59E1-488B-A6CB-CCFD0E132875}.Release|Any CPU.Build.0 = Release|Any CPU
		{39E43F5D-59E1-488B-A6CB-CCFD0E132875}.Release|x64.ActiveCfg = Release|Any CPU
		{39E43F5D-59E1-488B-A6CB-CCFD0E132875}.Release|x64.Build.0 = Release|Any CPU
		{39E43F5D-59E1-488B-A6CB-CCFD0E132875}.Release|x86.ActiveCfg = Release|Any CPU
		{39E43F5D-59E1-488B-A6CB-CCFD0E132875}.Release|x86.Build.0 = Release|Any CPU
		{75BB368C-B777-4E2A-8323-618BFB08CC04}.Debug|Any CPU.ActiveCfg = Debug|Any CPU
		{75BB368C-B777-4E2A-8323-618BFB08CC04}.Debug|Any CPU.Build.0 = Debug|Any CPU
		{75BB368C-B777-4E2A-8323-618BFB08CC04}.Debug|x64.ActiveCfg = Debug|Any CPU
		{75BB368C-B777-4E2A-8323-618BFB08CC04}.Debug|x64.Build.0 = Debug|Any CPU
		{75BB368C-B777-4E2A-8323-618BFB08CC04}.Debug|x86.ActiveCfg = Debug|Any CPU
		{75BB368C-B777-4E2A-8323-618BFB08CC04}.Debug|x86.Build.0 = Debug|Any CPU
		{75BB368C-B777-4E2A-8323-618BFB08CC04}.Release|Any CPU.ActiveCfg = Release|Any CPU
		{75BB368C-B777-4E2A-8323-618BFB08CC04}.Release|Any CPU.Build.0 = Release|Any CPU
		{75BB368C-B777-4E2A-8323-618BFB08CC04}.Release|x64.ActiveCfg = Release|Any CPU
		{75BB368C-B777-4E2A-8323-618BFB08CC04}.Release|x64.Build.0 = Release|Any CPU
		{75BB368C-B777-4E2A-8323-618BFB08CC04}.Release|x86.ActiveCfg = Release|Any CPU
		{75BB368C-B777-4E2A-8323-618BFB08CC04}.Release|x86.Build.0 = Release|Any CPU
		{173C30DA-BC8E-439E-9B98-CC55288D5A7C}.Debug|Any CPU.ActiveCfg = Debug|Any CPU
		{173C30DA-BC8E-439E-9B98-CC55288D5A7C}.Debug|Any CPU.Build.0 = Debug|Any CPU
		{173C30DA-BC8E-439E-9B98-CC55288D5A7C}.Debug|x64.ActiveCfg = Debug|Any CPU
		{173C30DA-BC8E-439E-9B98-CC55288D5A7C}.Debug|x64.Build.0 = Debug|Any CPU
		{173C30DA-BC8E-439E-9B98-CC55288D5A7C}.Debug|x86.ActiveCfg = Debug|Any CPU
		{173C30DA-BC8E-439E-9B98-CC55288D5A7C}.Debug|x86.Build.0 = Debug|Any CPU
		{173C30DA-BC8E-439E-9B98-CC55288D5A7C}.Release|Any CPU.ActiveCfg = Release|Any CPU
		{173C30DA-BC8E-439E-9B98-CC55288D5A7C}.Release|Any CPU.Build.0 = Release|Any CPU
		{173C30DA-BC8E-439E-9B98-CC55288D5A7C}.Release|x64.ActiveCfg = Release|Any CPU
		{173C30DA-BC8E-439E-9B98-CC55288D5A7C}.Release|x64.Build.0 = Release|Any CPU
		{173C30DA-BC8E-439E-9B98-CC55288D5A7C}.Release|x86.ActiveCfg = Release|Any CPU
		{173C30DA-BC8E-439E-9B98-CC55288D5A7C}.Release|x86.Build.0 = Release|Any CPU
		{CA2E4B69-462B-406D-84A4-20966C8AB7CA}.Debug|Any CPU.ActiveCfg = Debug|Any CPU
		{CA2E4B69-462B-406D-84A4-20966C8AB7CA}.Debug|Any CPU.Build.0 = Debug|Any CPU
		{CA2E4B69-462B-406D-84A4-20966C8AB7CA}.Debug|x64.ActiveCfg = Debug|Any CPU
		{CA2E4B69-462B-406D-84A4-20966C8AB7CA}.Debug|x64.Build.0 = Debug|Any CPU
		{CA2E4B69-462B-406D-84A4-20966C8AB7CA}.Debug|x86.ActiveCfg = Debug|Any CPU
		{CA2E4B69-462B-406D-84A4-20966C8AB7CA}.Debug|x86.Build.0 = Debug|Any CPU
		{CA2E4B69-462B-406D-84A4-20966C8AB7CA}.Release|Any CPU.ActiveCfg = Release|Any CPU
		{CA2E4B69-462B-406D-84A4-20966C8AB7CA}.Release|Any CPU.Build.0 = Release|Any CPU
		{CA2E4B69-462B-406D-84A4-20966C8AB7CA}.Release|x64.ActiveCfg = Release|Any CPU
		{CA2E4B69-462B-406D-84A4-20966C8AB7CA}.Release|x64.Build.0 = Release|Any CPU
		{CA2E4B69-462B-406D-84A4-20966C8AB7CA}.Release|x86.ActiveCfg = Release|Any CPU
		{CA2E4B69-462B-406D-84A4-20966C8AB7CA}.Release|x86.Build.0 = Release|Any CPU
	EndGlobalSection
	GlobalSection(SolutionProperties) = preSolution
		HideSolutionNode = FALSE
	EndGlobalSection
	GlobalSection(NestedProjects) = preSolution
		{C8E42992-5E42-0C2B-DBFE-AA848D06431C} = {827E0CD3-B72D-47B6-A68D-7590B98EB39B}
		{5538C4ED-BC21-4714-ADA6-E7BE4D04E62C} = {C8E42992-5E42-0C2B-DBFE-AA848D06431C}
		{8B290487-4C16-E85E-E807-F579CBE9FC4D} = {827E0CD3-B72D-47B6-A68D-7590B98EB39B}
		{113A0EDF-D595-40CB-9CC5-4AE55BBCC443} = {8B290487-4C16-E85E-E807-F579CBE9FC4D}
		{22BAF98C-8415-17C4-B26A-D537657BC863} = {827E0CD3-B72D-47B6-A68D-7590B98EB39B}
		{EDC88628-9423-4008-A58D-6E857539B1AD} = {22BAF98C-8415-17C4-B26A-D537657BC863}
		{9048EB7F-3875-A59E-E36B-5BD4C6F2A282} = {827E0CD3-B72D-47B6-A68D-7590B98EB39B}
		{0AC6A161-7E8E-4BBA-B693-B1B36BCFA8A3} = {9048EB7F-3875-A59E-E36B-5BD4C6F2A282}
		{E6B48023-E680-40DA-9E17-319585C26937} = {827E0CD3-B72D-47B6-A68D-7590B98EB39B}
		{9AC7F34B-175F-46DD-99ED-8A3782F34749} = {E6B48023-E680-40DA-9E17-319585C26937}
		{1AD9E82C-8118-4745-939B-1C1ACCEC40D4} = {0AB3BF05-4346-4AA6-1389-037BE0695223}
		{B1C40B5C-2D78-4A98-BF37-1A19A83254FC} = {0AB3BF05-4346-4AA6-1389-037BE0695223}
		{C5A3B5EA-BE9F-76E5-E9B8-8A22B289B295} = {827E0CD3-B72D-47B6-A68D-7590B98EB39B}
		{353D1D54-4A5E-4E7A-A76D-5A20F52612DE} = {C5A3B5EA-BE9F-76E5-E9B8-8A22B289B295}
		{66C0E2FB-E3A1-45F4-B792-1438CD8B4836} = {C5A3B5EA-BE9F-76E5-E9B8-8A22B289B295}
		{3BA5312F-4CB7-F189-D5EC-6A9485924027} = {827E0CD3-B72D-47B6-A68D-7590B98EB39B}
		{73135E97-6508-4A96-96BE-D873D035B356} = {3BA5312F-4CB7-F189-D5EC-6A9485924027}
		{A94A278E-689F-D261-26C9-1170140D5B18} = {827E0CD3-B72D-47B6-A68D-7590B98EB39B}
		{37EF65AE-2DD3-4DE8-A1C4-647775A125E0} = {A94A278E-689F-D261-26C9-1170140D5B18}
		{122F4638-9270-4CA2-93D1-35E53924C4D5} = {3BA5312F-4CB7-F189-D5EC-6A9485924027}
		{3A32EA3D-42FE-4B75-A79C-F0ED504DAD23} = {0AB3BF05-4346-4AA6-1389-037BE0695223}
		{80FABB0C-05E2-4FDB-8DCB-071D92F21CBC} = {0AB3BF05-4346-4AA6-1389-037BE0695223}
		{39E43F5D-59E1-488B-A6CB-CCFD0E132875} = {0AB3BF05-4346-4AA6-1389-037BE0695223}
		{75BB368C-B777-4E2A-8323-618BFB08CC04} = {0AB3BF05-4346-4AA6-1389-037BE0695223}
		{173C30DA-BC8E-439E-9B98-CC55288D5A7C} = {0AB3BF05-4346-4AA6-1389-037BE0695223}
		{CA2E4B69-462B-406D-84A4-20966C8AB7CA} = {0AB3BF05-4346-4AA6-1389-037BE0695223}
	EndGlobalSection
EndGlobal
