
Microsoft Visual Studio Solution File, Format Version 12.00
# Visual Studio Version 17
VisualStudioVersion = 17.0.31903.59
MinimumVisualStudioVersion = 10.0.40219.1
Project("{2150E333-8FDC-42A3-9474-1A3956D46DE8}") = "src", "src", "{827E0CD3-B72D-47B6-A68D-7590B98EB39B}"
EndProject
Project("{2150E333-8FDC-42A3-9474-1A3956D46DE8}") = "Domain", "Domain", "{8B290487-4C16-E85E-E807-F579CBE9FC4D}"
EndProject
Project("{FAE04EC0-301F-11D3-BF4B-00C04F79EFBC}") = "Yashdeep.Domain", "src\Domain\Yashdeep.Domain\Yashdeep.Domain.csproj", "{C74ED4A3-9F23-42FE-BD63-9EC675DF668D}"
EndProject
Project("{2150E333-8FDC-42A3-9474-1A3956D46DE8}") = "Application", "Application", "{22BAF98C-8415-17C4-B26A-D537657BC863}"
EndProject
Project("{FAE04EC0-301F-11D3-BF4B-00C04F79EFBC}") = "Yashdeep.Application", "src\Application\Yashdeep.Application\Yashdeep.Application.csproj", "{3B29589F-C0DD-44CB-A282-A1CA228A90A1}"
EndProject
Project("{2150E333-8FDC-42A3-9474-1A3956D46DE8}") = "Shared", "Shared", "{C8E42992-5E42-0C2B-DBFE-AA848D06431C}"
EndProject
Project("{FAE04EC0-301F-11D3-BF4B-00C04F79EFBC}") = "Yashdeep.Shared", "src\Shared\Yashdeep.Shared\Yashdeep.Shared.csproj", "{9BA265DF-E26F-459B-AF36-49DDD0FF6783}"
EndProject
Project("{2150E333-8FDC-42A3-9474-1A3956D46DE8}") = "Infrastructure", "Infrastructure", "{9048EB7F-3875-A59E-E36B-5BD4C6F2A282}"
EndProject
Project("{FAE04EC0-301F-11D3-BF4B-00C04F79EFBC}") = "Yashdeep.Infrastructure", "src\Infrastructure\Yashdeep.Infrastructure\Yashdeep.Infrastructure.csproj", "{6CDDBD77-3BEF-4E4C-8ADF-25EABA5C0728}"
EndProject
Project("{2150E333-8FDC-42A3-9474-1A3956D46DE8}") = "Persistence", "Persistence", "{3BA5312F-4CB7-F189-D5EC-6A9485924027}"
EndProject
Project("{FAE04EC0-301F-11D3-BF4B-00C04F79EFBC}") = "Yashdeep.Persistence.Cloud", "src\Persistence\Yashdeep.Persistence.Cloud\Yashdeep.Persistence.Cloud.csproj", "{F6BCD364-DA1C-4957-AEA1-68FEFA4040B0}"
EndProject
Project("{FAE04EC0-301F-11D3-BF4B-00C04F79EFBC}") = "Yashdeep.Persistence.Local", "src\Persistence\Yashdeep.Persistence.Local\Yashdeep.Persistence.Local.csproj", "{200EB7F5-8D03-4577-A0B7-CE560C6408FC}"
EndProject
Project("{2150E333-8FDC-42A3-9474-1A3956D46DE8}") = "SyncEngine", "SyncEngine", "{A94A278E-689F-D261-26C9-1170140D5B18}"
EndProject
Project("{FAE04EC0-301F-11D3-BF4B-00C04F79EFBC}") = "Yashdeep.SyncEngine", "src\SyncEngine\Yashdeep.SyncEngine\Yashdeep.SyncEngine.csproj", "{F2EC1B7E-97A9-4D16-9557-05CADEBC7B71}"
EndProject
Project("{2150E333-8FDC-42A3-9474-1A3956D46DE8}") = "Server", "Server", "{E6B48023-E680-40DA-9E17-319585C26937}"
EndProject
Project("{FAE04EC0-301F-11D3-BF4B-00C04F79EFBC}") = "Yashdeep.Server.Api", "src\Server\Yashdeep.Server.Api\Yashdeep.Server.Api.csproj", "{C23BF3FF-224A-468D-A921-F4CB725107AB}"
EndProject
Project("{2150E333-8FDC-42A3-9474-1A3956D46DE8}") = "Client", "Client", "{C5A3B5EA-BE9F-76E5-E9B8-8A22B289B295}"
EndProject
Project("{FAE04EC0-301F-11D3-BF4B-00C04F79EFBC}") = "Yashdeep.Client.Blazor", "src\Client\Yashdeep.Client.Blazor\Yashdeep.Client.Blazor.csproj", "{93D6A74B-04BE-40E3-BA60-47EAB4B3DFD8}"
EndProject
Project("{FAE04EC0-301F-11D3-BF4B-00C04F79EFBC}") = "Yashdeep.Client.Maui", "src\Client\Yashdeep.Client.Maui\Yashdeep.Client.Maui.csproj", "{3154437A-5A45-4843-8FFB-C69BC5384945}"
EndProject
Project("{2150E333-8FDC-42A3-9474-1A3956D46DE8}") = "tests", "tests", "{0AB3BF05-4346-4AA6-1389-037BE0695223}"
EndProject
Project("{FAE04EC0-301F-11D3-BF4B-00C04F79EFBC}") = "Yashdeep.Tests.Unit", "tests\Yashdeep.Tests.Unit\Yashdeep.Tests.Unit.csproj", "{3DC83BDF-6126-465A-BB9B-34A9A953BD9F}"
EndProject
Project("{FAE04EC0-301F-11D3-BF4B-00C04F79EFBC}") = "Yashdeep.Persistence.Local.Tests", "tests\Yashdeep.Persistence.Local.Tests\Yashdeep.Persistence.Local.Tests.csproj", "{5640F5C0-F08A-4D3D-B950-BA82F8B77CAD}"
EndProject
Project("{FAE04EC0-301F-11D3-BF4B-00C04F79EFBC}") = "Yashdeep.Persistence.Cloud.Tests", "tests\Yashdeep.Persistence.Cloud.Tests\Yashdeep.Persistence.Cloud.Tests.csproj", "{D5FF1F88-8BFC-48A8-9099-BEBB08696D23}"
EndProject
Global
	GlobalSection(SolutionConfigurationPlatforms) = preSolution
		Debug|Any CPU = Debug|Any CPU
		Debug|x64 = Debug|x64
		Debug|x86 = Debug|x86
		Release|Any CPU = Release|Any CPU
		Release|x64 = Release|x64
		Release|x86 = Release|x86
	EndGlobalSection
	GlobalSection(ProjectConfigurationPlatforms) = postSolution
		{C74ED4A3-9F23-42FE-BD63-9EC675DF668D}.Debug|Any CPU.ActiveCfg = Debug|Any CPU
		{C74ED4A3-9F23-42FE-BD63-9EC675DF668D}.Debug|Any CPU.Build.0 = Debug|Any CPU
		{C74ED4A3-9F23-42FE-BD63-9EC675DF668D}.Debug|x64.ActiveCfg = Debug|Any CPU
		{C74ED4A3-9F23-42FE-BD63-9EC675DF668D}.Debug|x64.Build.0 = Debug|Any CPU
		{C74ED4A3-9F23-42FE-BD63-9EC675DF668D}.Debug|x86.ActiveCfg = Debug|Any CPU
		{C74ED4A3-9F23-42FE-BD63-9EC675DF668D}.Debug|x86.Build.0 = Debug|Any CPU
		{C74ED4A3-9F23-42FE-BD63-9EC675DF668D}.Release|Any CPU.ActiveCfg = Release|Any CPU
		{C74ED4A3-9F23-42FE-BD63-9EC675DF668D}.Release|Any CPU.Build.0 = Release|Any CPU
		{C74ED4A3-9F23-42FE-BD63-9EC675DF668D}.Release|x64.ActiveCfg = Release|Any CPU
		{C74ED4A3-9F23-42FE-BD63-9EC675DF668D}.Release|x64.Build.0 = Release|Any CPU
		{C74ED4A3-9F23-42FE-BD63-9EC675DF668D}.Release|x86.ActiveCfg = Release|Any CPU
		{C74ED4A3-9F23-42FE-BD63-9EC675DF668D}.Release|x86.Build.0 = Release|Any CPU
		{3B29589F-C0DD-44CB-A282-A1CA228A90A1}.Debug|Any CPU.ActiveCfg = Debug|Any CPU
		{3B29589F-C0DD-44CB-A282-A1CA228A90A1}.Debug|Any CPU.Build.0 = Debug|Any CPU
		{3B29589F-C0DD-44CB-A282-A1CA228A90A1}.Debug|x64.ActiveCfg = Debug|Any CPU
		{3B29589F-C0DD-44CB-A282-A1CA228A90A1}.Debug|x64.Build.0 = Debug|Any CPU
		{3B29589F-C0DD-44CB-A282-A1CA228A90A1}.Debug|x86.ActiveCfg = Debug|Any CPU
		{3B29589F-C0DD-44CB-A282-A1CA228A90A1}.Debug|x86.Build.0 = Debug|Any CPU
		{3B29589F-C0DD-44CB-A282-A1CA228A90A1}.Release|Any CPU.ActiveCfg = Release|Any CPU
		{3B29589F-C0DD-44CB-A282-A1CA228A90A1}.Release|Any CPU.Build.0 = Release|Any CPU
		{3B29589F-C0DD-44CB-A282-A1CA228A90A1}.Release|x64.ActiveCfg = Release|Any CPU
		{3B29589F-C0DD-44CB-A282-A1CA228A90A1}.Release|x64.Build.0 = Release|Any CPU
		{3B29589F-C0DD-44CB-A282-A1CA228A90A1}.Release|x86.ActiveCfg = Release|Any CPU
		{3B29589F-C0DD-44CB-A282-A1CA228A90A1}.Release|x86.Build.0 = Release|Any CPU
		{9BA265DF-E26F-459B-AF36-49DDD0FF6783}.Debug|Any CPU.ActiveCfg = Debug|Any CPU
		{9BA265DF-E26F-459B-AF36-49DDD0FF6783}.Debug|Any CPU.Build.0 = Debug|Any CPU
		{9BA265DF-E26F-459B-AF36-49DDD0FF6783}.Debug|x64.ActiveCfg = Debug|Any CPU
		{9BA265DF-E26F-459B-AF36-49DDD0FF6783}.Debug|x64.Build.0 = Debug|Any CPU
		{9BA265DF-E26F-459B-AF36-49DDD0FF6783}.Debug|x86.ActiveCfg = Debug|Any CPU
		{9BA265DF-E26F-459B-AF36-49DDD0FF6783}.Debug|x86.Build.0 = Debug|Any CPU
		{9BA265DF-E26F-459B-AF36-49DDD0FF6783}.Release|Any CPU.ActiveCfg = Release|Any CPU
		{9BA265DF-E26F-459B-AF36-49DDD0FF6783}.Release|Any CPU.Build.0 = Release|Any CPU
		{9BA265DF-E26F-459B-AF36-49DDD0FF6783}.Release|x64.ActiveCfg = Release|Any CPU
		{9BA265DF-E26F-459B-AF36-49DDD0FF6783}.Release|x64.Build.0 = Release|Any CPU
		{9BA265DF-E26F-459B-AF36-49DDD0FF6783}.Release|x86.ActiveCfg = Release|Any CPU
		{9BA265DF-E26F-459B-AF36-49DDD0FF6783}.Release|x86.Build.0 = Release|Any CPU
		{6CDDBD77-3BEF-4E4C-8ADF-25EABA5C0728}.Debug|Any CPU.ActiveCfg = Debug|Any CPU
		{6CDDBD77-3BEF-4E4C-8ADF-25EABA5C0728}.Debug|Any CPU.Build.0 = Debug|Any CPU
		{6CDDBD77-3BEF-4E4C-8ADF-25EABA5C0728}.Debug|x64.ActiveCfg = Debug|Any CPU
		{6CDDBD77-3BEF-4E4C-8ADF-25EABA5C0728}.Debug|x64.Build.0 = Debug|Any CPU
		{6CDDBD77-3BEF-4E4C-8ADF-25EABA5C0728}.Debug|x86.ActiveCfg = Debug|Any CPU
		{6CDDBD77-3BEF-4E4C-8ADF-25EABA5C0728}.Debug|x86.Build.0 = Debug|Any CPU
		{6CDDBD77-3BEF-4E4C-8ADF-25EABA5C0728}.Release|Any CPU.ActiveCfg = Release|Any CPU
		{6CDDBD77-3BEF-4E4C-8ADF-25EABA5C0728}.Release|Any CPU.Build.0 = Release|Any CPU
		{6CDDBD77-3BEF-4E4C-8ADF-25EABA5C0728}.Release|x64.ActiveCfg = Release|Any CPU
		{6CDDBD77-3BEF-4E4C-8ADF-25EABA5C0728}.Release|x64.Build.0 = Release|Any CPU
		{6CDDBD77-3BEF-4E4C-8ADF-25EABA5C0728}.Release|x86.ActiveCfg = Release|Any CPU
		{6CDDBD77-3BEF-4E4C-8ADF-25EABA5C0728}.Release|x86.Build.0 = Release|Any CPU
		{F6BCD364-DA1C-4957-AEA1-68FEFA4040B0}.Debug|Any CPU.ActiveCfg = Debug|Any CPU
		{F6BCD364-DA1C-4957-AEA1-68FEFA4040B0}.Debug|Any CPU.Build.0 = Debug|Any CPU
		{F6BCD364-DA1C-4957-AEA1-68FEFA4040B0}.Debug|x64.ActiveCfg = Debug|Any CPU
		{F6BCD364-DA1C-4957-AEA1-68FEFA4040B0}.Debug|x64.Build.0 = Debug|Any CPU
		{F6BCD364-DA1C-4957-AEA1-68FEFA4040B0}.Debug|x86.ActiveCfg = Debug|Any CPU
		{F6BCD364-DA1C-4957-AEA1-68FEFA4040B0}.Debug|x86.Build.0 = Debug|Any CPU
		{F6BCD364-DA1C-4957-AEA1-68FEFA4040B0}.Release|Any CPU.ActiveCfg = Release|Any CPU
		{F6BCD364-DA1C-4957-AEA1-68FEFA4040B0}.Release|Any CPU.Build.0 = Release|Any CPU
		{F6BCD364-DA1C-4957-AEA1-68FEFA4040B0}.Release|x64.ActiveCfg = Release|Any CPU
		{F6BCD364-DA1C-4957-AEA1-68FEFA4040B0}.Release|x64.Build.0 = Release|Any CPU
		{F6BCD364-DA1C-4957-AEA1-68FEFA4040B0}.Release|x86.ActiveCfg = Release|Any CPU
		{F6BCD364-DA1C-4957-AEA1-68FEFA4040B0}.Release|x86.Build.0 = Release|Any CPU
		{200EB7F5-8D03-4577-A0B7-CE560C6408FC}.Debug|Any CPU.ActiveCfg = Debug|Any CPU
		{200EB7F5-8D03-4577-A0B7-CE560C6408FC}.Debug|Any CPU.Build.0 = Debug|Any CPU
		{200EB7F5-8D03-4577-A0B7-CE560C6408FC}.Debug|x64.ActiveCfg = Debug|Any CPU
		{200EB7F5-8D03-4577-A0B7-CE560C6408FC}.Debug|x64.Build.0 = Debug|Any CPU
		{200EB7F5-8D03-4577-A0B7-CE560C6408FC}.Debug|x86.ActiveCfg = Debug|Any CPU
		{200EB7F5-8D03-4577-A0B7-CE560C6408FC}.Debug|x86.Build.0 = Debug|Any CPU
		{200EB7F5-8D03-4577-A0B7-CE560C6408FC}.Release|Any CPU.ActiveCfg = Release|Any CPU
		{200EB7F5-8D03-4577-A0B7-CE560C6408FC}.Release|Any CPU.Build.0 = Release|Any CPU
		{200EB7F5-8D03-4577-A0B7-CE560C6408FC}.Release|x64.ActiveCfg = Release|Any CPU
		{200EB7F5-8D03-4577-A0B7-CE560C6408FC}.Release|x64.Build.0 = Release|Any CPU
		{200EB7F5-8D03-4577-A0B7-CE560C6408FC}.Release|x86.ActiveCfg = Release|Any CPU
		{200EB7F5-8D03-4577-A0B7-CE560C6408FC}.Release|x86.Build.0 = Release|Any CPU
		{F2EC1B7E-97A9-4D16-9557-05CADEBC7B71}.Debug|Any CPU.ActiveCfg = Debug|Any CPU
		{F2EC1B7E-97A9-4D16-9557-05CADEBC7B71}.Debug|Any CPU.Build.0 = Debug|Any CPU
		{F2EC1B7E-97A9-4D16-9557-05CADEBC7B71}.Debug|x64.ActiveCfg = Debug|Any CPU
		{F2EC1B7E-97A9-4D16-9557-05CADEBC7B71}.Debug|x64.Build.0 = Debug|Any CPU
		{F2EC1B7E-97A9-4D16-9557-05CADEBC7B71}.Debug|x86.ActiveCfg = Debug|Any CPU
		{F2EC1B7E-97A9-4D16-9557-05CADEBC7B71}.Debug|x86.Build.0 = Debug|Any CPU
		{F2EC1B7E-97A9-4D16-9557-05CADEBC7B71}.Release|Any CPU.ActiveCfg = Release|Any CPU
		{F2EC1B7E-97A9-4D16-9557-05CADEBC7B71}.Release|Any CPU.Build.0 = Release|Any CPU
		{F2EC1B7E-97A9-4D16-9557-05CADEBC7B71}.Release|x64.ActiveCfg = Release|Any CPU
		{F2EC1B7E-97A9-4D16-9557-05CADEBC7B71}.Release|x64.Build.0 = Release|Any CPU
		{F2EC1B7E-97A9-4D16-9557-05CADEBC7B71}.Release|x86.ActiveCfg = Release|Any CPU
		{F2EC1B7E-97A9-4D16-9557-05CADEBC7B71}.Release|x86.Build.0 = Release|Any CPU
		{C23BF3FF-224A-468D-A921-F4CB725107AB}.Debug|Any CPU.ActiveCfg = Debug|Any CPU
		{C23BF3FF-224A-468D-A921-F4CB725107AB}.Debug|Any CPU.Build.0 = Debug|Any CPU
		{C23BF3FF-224A-468D-A921-F4CB725107AB}.Debug|x64.ActiveCfg = Debug|Any CPU
		{C23BF3FF-224A-468D-A921-F4CB725107AB}.Debug|x64.Build.0 = Debug|Any CPU
		{C23BF3FF-224A-468D-A921-F4CB725107AB}.Debug|x86.ActiveCfg = Debug|Any CPU
		{C23BF3FF-224A-468D-A921-F4CB725107AB}.Debug|x86.Build.0 = Debug|Any CPU
		{C23BF3FF-224A-468D-A921-F4CB725107AB}.Release|Any CPU.ActiveCfg = Release|Any CPU
		{C23BF3FF-224A-468D-A921-F4CB725107AB}.Release|Any CPU.Build.0 = Release|Any CPU
		{C23BF3FF-224A-468D-A921-F4CB725107AB}.Release|x64.ActiveCfg = Release|Any CPU
		{C23BF3FF-224A-468D-A921-F4CB725107AB}.Release|x64.Build.0 = Release|Any CPU
		{C23BF3FF-224A-468D-A921-F4CB725107AB}.Release|x86.ActiveCfg = Release|Any CPU
		{C23BF3FF-224A-468D-A921-F4CB725107AB}.Release|x86.Build.0 = Release|Any CPU
		{93D6A74B-04BE-40E3-BA60-47EAB4B3DFD8}.Debug|Any CPU.ActiveCfg = Debug|Any CPU
		{93D6A74B-04BE-40E3-BA60-47EAB4B3DFD8}.Debug|Any CPU.Build.0 = Debug|Any CPU
		{93D6A74B-04BE-40E3-BA60-47EAB4B3DFD8}.Debug|x64.ActiveCfg = Debug|Any CPU
		{93D6A74B-04BE-40E3-BA60-47EAB4B3DFD8}.Debug|x64.Build.0 = Debug|Any CPU
		{93D6A74B-04BE-40E3-BA60-47EAB4B3DFD8}.Debug|x86.ActiveCfg = Debug|Any CPU
		{93D6A74B-04BE-40E3-BA60-47EAB4B3DFD8}.Debug|x86.Build.0 = Debug|Any CPU
		{93D6A74B-04BE-40E3-BA60-47EAB4B3DFD8}.Release|Any CPU.ActiveCfg = Release|Any CPU
		{93D6A74B-04BE-40E3-BA60-47EAB4B3DFD8}.Release|Any CPU.Build.0 = Release|Any CPU
		{93D6A74B-04BE-40E3-BA60-47EAB4B3DFD8}.Release|x64.ActiveCfg = Release|Any CPU
		{93D6A74B-04BE-40E3-BA60-47EAB4B3DFD8}.Release|x64.Build.0 = Release|Any CPU
		{93D6A74B-04BE-40E3-BA60-47EAB4B3DFD8}.Release|x86.ActiveCfg = Release|Any CPU
		{93D6A74B-04BE-40E3-BA60-47EAB4B3DFD8}.Release|x86.Build.0 = Release|Any CPU
		{3154437A-5A45-4843-8FFB-C69BC5384945}.Debug|Any CPU.ActiveCfg = Debug|Any CPU
		{3154437A-5A45-4843-8FFB-C69BC5384945}.Debug|Any CPU.Build.0 = Debug|Any CPU
		{3154437A-5A45-4843-8FFB-C69BC5384945}.Debug|x64.ActiveCfg = Debug|Any CPU
		{3154437A-5A45-4843-8FFB-C69BC5384945}.Debug|x64.Build.0 = Debug|Any CPU
		{3154437A-5A45-4843-8FFB-C69BC5384945}.Debug|x86.ActiveCfg = Debug|Any CPU
		{3154437A-5A45-4843-8FFB-C69BC5384945}.Debug|x86.Build.0 = Debug|Any CPU
		{3154437A-5A45-4843-8FFB-C69BC5384945}.Release|Any CPU.ActiveCfg = Release|Any CPU
		{3154437A-5A45-4843-8FFB-C69BC5384945}.Release|Any CPU.Build.0 = Release|Any CPU
		{3154437A-5A45-4843-8FFB-C69BC5384945}.Release|x64.ActiveCfg = Release|Any CPU
		{3154437A-5A45-4843-8FFB-C69BC5384945}.Release|x64.Build.0 = Release|Any CPU
		{3154437A-5A45-4843-8FFB-C69BC5384945}.Release|x86.ActiveCfg = Release|Any CPU
		{3154437A-5A45-4843-8FFB-C69BC5384945}.Release|x86.Build.0 = Release|Any CPU
		{3DC83BDF-6126-465A-BB9B-34A9A953BD9F}.Debug|Any CPU.ActiveCfg = Debug|Any CPU
		{3DC83BDF-6126-465A-BB9B-34A9A953BD9F}.Debug|Any CPU.Build.0 = Debug|Any CPU
		{3DC83BDF-6126-465A-BB9B-34A9A953BD9F}.Debug|x64.ActiveCfg = Debug|Any CPU
		{3DC83BDF-6126-465A-BB9B-34A9A953BD9F}.Debug|x64.Build.0 = Debug|Any CPU
		{3DC83BDF-6126-465A-BB9B-34A9A953BD9F}.Debug|x86.ActiveCfg = Debug|Any CPU
		{3DC83BDF-6126-465A-BB9B-34A9A953BD9F}.Debug|x86.Build.0 = Debug|Any CPU
		{3DC83BDF-6126-465A-BB9B-34A9A953BD9F}.Release|Any CPU.ActiveCfg = Release|Any CPU
		{3DC83BDF-6126-465A-BB9B-34A9A953BD9F}.Release|Any CPU.Build.0 = Release|Any CPU
		{3DC83BDF-6126-465A-BB9B-34A9A953BD9F}.Release|x64.ActiveCfg = Release|Any CPU
		{3DC83BDF-6126-465A-BB9B-34A9A953BD9F}.Release|x64.Build.0 = Release|Any CPU
		{3DC83BDF-6126-465A-BB9B-34A9A953BD9F}.Release|x86.ActiveCfg = Release|Any CPU
		{3DC83BDF-6126-465A-BB9B-34A9A953BD9F}.Release|x86.Build.0 = Release|Any CPU
		{5640F5C0-F08A-4D3D-B950-BA82F8B77CAD}.Debug|Any CPU.ActiveCfg = Debug|Any CPU
		{5640F5C0-F08A-4D3D-B950-BA82F8B77CAD}.Debug|Any CPU.Build.0 = Debug|Any CPU
		{5640F5C0-F08A-4D3D-B950-BA82F8B77CAD}.Debug|x64.ActiveCfg = Debug|Any CPU
		{5640F5C0-F08A-4D3D-B950-BA82F8B77CAD}.Debug|x64.Build.0 = Debug|Any CPU
		{5640F5C0-F08A-4D3D-B950-BA82F8B77CAD}.Debug|x86.ActiveCfg = Debug|Any CPU
		{5640F5C0-F08A-4D3D-B950-BA82F8B77CAD}.Debug|x86.Build.0 = Debug|Any CPU
		{5640F5C0-F08A-4D3D-B950-BA82F8B77CAD}.Release|Any CPU.ActiveCfg = Release|Any CPU
		{5640F5C0-F08A-4D3D-B950-BA82F8B77CAD}.Release|Any CPU.Build.0 = Release|Any CPU
		{5640F5C0-F08A-4D3D-B950-BA82F8B77CAD}.Release|x64.ActiveCfg = Release|Any CPU
		{5640F5C0-F08A-4D3D-B950-BA82F8B77CAD}.Release|x64.Build.0 = Release|Any CPU
		{5640F5C0-F08A-4D3D-B950-BA82F8B77CAD}.Release|x86.ActiveCfg = Release|Any CPU
		{5640F5C0-F08A-4D3D-B950-BA82F8B77CAD}.Release|x86.Build.0 = Release|Any CPU
		{D5FF1F88-8BFC-48A8-9099-BEBB08696D23}.Debug|Any CPU.ActiveCfg = Debug|Any CPU
		{D5FF1F88-8BFC-48A8-9099-BEBB08696D23}.Debug|Any CPU.Build.0 = Debug|Any CPU
		{D5FF1F88-8BFC-48A8-9099-BEBB08696D23}.Debug|x64.ActiveCfg = Debug|Any CPU
		{D5FF1F88-8BFC-48A8-9099-BEBB08696D23}.Debug|x64.Build.0 = Debug|Any CPU
		{D5FF1F88-8BFC-48A8-9099-BEBB08696D23}.Debug|x86.ActiveCfg = Debug|Any CPU
		{D5FF1F88-8BFC-48A8-9099-BEBB08696D23}.Debug|x86.Build.0 = Debug|Any CPU
		{D5FF1F88-8BFC-48A8-9099-BEBB08696D23}.Release|Any CPU.ActiveCfg = Release|Any CPU
		{D5FF1F88-8BFC-48A8-9099-BEBB08696D23}.Release|Any CPU.Build.0 = Release|Any CPU
		{D5FF1F88-8BFC-48A8-9099-BEBB08696D23}.Release|x64.ActiveCfg = Release|Any CPU
		{D5FF1F88-8BFC-48A8-9099-BEBB08696D23}.Release|x64.Build.0 = Release|Any CPU
		{D5FF1F88-8BFC-48A8-9099-BEBB08696D23}.Release|x86.ActiveCfg = Release|Any CPU
		{D5FF1F88-8BFC-48A8-9099-BEBB08696D23}.Release|x86.Build.0 = Release|Any CPU
	EndGlobalSection
	GlobalSection(SolutionProperties) = preSolution
		HideSolutionNode = FALSE
	EndGlobalSection
	GlobalSection(NestedProjects) = preSolution
		{8B290487-4C16-E85E-E807-F579CBE9FC4D} = {827E0CD3-B72D-47B6-A68D-7590B98EB39B}
		{C74ED4A3-9F23-42FE-BD63-9EC675DF668D} = {8B290487-4C16-E85E-E807-F579CBE9FC4D}
		{22BAF98C-8415-17C4-B26A-D537657BC863} = {827E0CD3-B72D-47B6-A68D-7590B98EB39B}
		{3B29589F-C0DD-44CB-A282-A1CA228A90A1} = {22BAF98C-8415-17C4-B26A-D537657BC863}
		{C8E42992-5E42-0C2B-DBFE-AA848D06431C} = {827E0CD3-B72D-47B6-A68D-7590B98EB39B}
		{9BA265DF-E26F-459B-AF36-49DDD0FF6783} = {C8E42992-5E42-0C2B-DBFE-AA848D06431C}
		{9048EB7F-3875-A59E-E36B-5BD4C6F2A282} = {827E0CD3-B72D-47B6-A68D-7590B98EB39B}
		{6CDDBD77-3BEF-4E4C-8ADF-25EABA5C0728} = {9048EB7F-3875-A59E-E36B-5BD4C6F2A282}
		{3BA5312F-4CB7-F189-D5EC-6A9485924027} = {827E0CD3-B72D-47B6-A68D-7590B98EB39B}
		{F6BCD364-DA1C-4957-AEA1-68FEFA4040B0} = {3BA5312F-4CB7-F189-D5EC-6A9485924027}
		{200EB7F5-8D03-4577-A0B7-CE560C6408FC} = {3BA5312F-4CB7-F189-D5EC-6A9485924027}
		{A94A278E-689F-D261-26C9-1170140D5B18} = {827E0CD3-B72D-47B6-A68D-7590B98EB39B}
		{F2EC1B7E-97A9-4D16-9557-05CADEBC7B71} = {A94A278E-689F-D261-26C9-1170140D5B18}
		{E6B48023-E680-40DA-9E17-319585C26937} = {827E0CD3-B72D-47B6-A68D-7590B98EB39B}
		{C23BF3FF-224A-468D-A921-F4CB725107AB} = {E6B48023-E680-40DA-9E17-319585C26937}
		{C5A3B5EA-BE9F-76E5-E9B8-8A22B289B295} = {827E0CD3-B72D-47B6-A68D-7590B98EB39B}
		{93D6A74B-04BE-40E3-BA60-47EAB4B3DFD8} = {C5A3B5EA-BE9F-76E5-E9B8-8A22B289B295}
		{3154437A-5A45-4843-8FFB-C69BC5384945} = {C5A3B5EA-BE9F-76E5-E9B8-8A22B289B295}
		{3DC83BDF-6126-465A-BB9B-34A9A953BD9F} = {0AB3BF05-4346-4AA6-1389-037BE0695223}
		{5640F5C0-F08A-4D3D-B950-BA82F8B77CAD} = {0AB3BF05-4346-4AA6-1389-037BE0695223}
		{D5FF1F88-8BFC-48A8-9099-BEBB08696D23} = {0AB3BF05-4346-4AA6-1389-037BE0695223}
	EndGlobalSection
EndGlobal
